
Microsoft Visual Studio Solution File, Format Version 12.00
# Visual Studio Version 17
VisualStudioVersion = 17.3.32901.215
MinimumVisualStudioVersion = 10.0.40219.1
Project("{FAE04EC0-301F-11D3-BF4B-00C04F79EFBC}") = "PokedexApp", "PokedexApp\PokedexApp.csproj", "{8EC27C3C-2859-4582-9B44-3F07400356BC}"
EndProject
Global
	GlobalSection(SolutionConfigurationPlatforms) = preSolution
		Debug|Any CPU = Debug|Any CPU
		Release|Any CPU = Release|Any CPU
	EndGlobalSection
	GlobalSection(ProjectConfigurationPlatforms) = postSolution
		{8EC27C3C-2859-4582-9B44-3F07400356BC}.Debug|Any CPU.ActiveCfg = Debug|Any CPU
		{8EC27C3C-2859-4582-9B44-3F07400356BC}.Debug|Any CPU.Build.0 = Debug|Any CPU
		{8EC27C3C-2859-4582-9B44-3F07400356BC}.Release|Any CPU.ActiveCfg = Release|Any CPU
		{8EC27C3C-2859-4582-9B44-3F07400356BC}.Release|Any CPU.Build.0 = Release|Any CPU
	EndGlobalSection
	GlobalSection(SolutionProperties) = preSolution
		HideSolutionNode = FALSE
	EndGlobalSection
	GlobalSection(ExtensibilityGlobals) = postSolution
		SolutionGuid = {A7774F6C-9943-4E29-A0AE-8736C16AC9CC}
	EndGlobalSection
EndGlobal
